// !$*UTF8*$!
{
	archiveVersion = 1;
	classes = {
	};
	objectVersion = 48;
	objects = {

/* Begin PBXBuildFile section */
		817057A7208594BC0062AC11 /* main.cpp in Sources */ = {isa = PBXBuildFile; fileRef = 817057A6208594BC0062AC11 /* main.cpp */; };
		81C86330257AE341005E1B80 /* libopencv_core.4.4.0.dylib in Frameworks */ = {isa = PBXBuildFile; fileRef = 81C8632F257AE340005E1B80 /* libopencv_core.4.4.0.dylib */; };
		81C86334257AE375005E1B80 /* libopencv_highgui.4.4.0.dylib in Frameworks */ = {isa = PBXBuildFile; fileRef = 81C86331257AE374005E1B80 /* libopencv_highgui.4.4.0.dylib */; };
		81C86335257AE375005E1B80 /* libopencv_imgcodecs.4.4.0.dylib in Frameworks */ = {isa = PBXBuildFile; fileRef = 81C86332257AE374005E1B80 /* libopencv_imgcodecs.4.4.0.dylib */; };
		81C86336257AE375005E1B80 /* libopencv_imgproc.4.4.0.dylib in Frameworks */ = {isa = PBXBuildFile; fileRef = 81C86333257AE375005E1B80 /* libopencv_imgproc.4.4.0.dylib */; };
/* End PBXBuildFile section */

/* Begin PBXCopyFilesBuildPhase section */
		817057A1208594BC0062AC11 /* CopyFiles */ = {
			isa = PBXCopyFilesBuildPhase;
			buildActionMask = 2147483647;
			dstPath = /usr/share/man/man1/;
			dstSubfolderSpec = 0;
			files = (
			);
			runOnlyForDeploymentPostprocessing = 1;
		};
/* End PBXCopyFilesBuildPhase section */

/* Begin PBXFileReference section */
		817057A3208594BC0062AC11 /* pixelAccess */ = {isa = PBXFileReference; explicitFileType = "compiled.mach-o.executable"; includeInIndex = 0; path = pixelAccess; sourceTree = BUILT_PRODUCTS_DIR; };
		817057A6208594BC0062AC11 /* main.cpp */ = {isa = PBXFileReference; lastKnownFileType = sourcecode.cpp.cpp; path = main.cpp; sourceTree = "<group>"; };
		81C8632F257AE340005E1B80 /* libopencv_core.4.4.0.dylib */ = {isa = PBXFileReference; lastKnownFileType = "compiled.mach-o.dylib"; name = libopencv_core.4.4.0.dylib; path = ../../../../../../../../usr/local/Cellar/opencv/4.4.0_1/lib/libopencv_core.4.4.0.dylib; sourceTree = "<group>"; };
		81C86331257AE374005E1B80 /* libopencv_highgui.4.4.0.dylib */ = {isa = PBXFileReference; lastKnownFileType = "compiled.mach-o.dylib"; name = libopencv_highgui.4.4.0.dylib; path = ../../../../../../../../usr/local/Cellar/opencv/4.4.0_1/lib/libopencv_highgui.4.4.0.dylib; sourceTree = "<group>"; };
		81C86332257AE374005E1B80 /* libopencv_imgcodecs.4.4.0.dylib */ = {isa = PBXFileReference; lastKnownFileType = "compiled.mach-o.dylib"; name = libopencv_imgcodecs.4.4.0.dylib; path = ../../../../../../../../usr/local/Cellar/opencv/4.4.0_1/lib/libopencv_imgcodecs.4.4.0.dylib; sourceTree = "<group>"; };
		81C86333257AE375005E1B80 /* libopencv_imgproc.4.4.0.dylib */ = {isa = PBXFileReference; lastKnownFileType = "compiled.mach-o.dylib"; name = libopencv_imgproc.4.4.0.dylib; path = ../../../../../../../../usr/local/Cellar/opencv/4.4.0_1/lib/libopencv_imgproc.4.4.0.dylib; sourceTree = "<group>"; };
/* End PBXFileReference section */

/* Begin PBXFrameworksBuildPhase section */
		817057A0208594BC0062AC11 /* Frameworks */ = {
			isa = PBXFrameworksBuildPhase;
			buildActionMask = 2147483647;
			files = (
				81C86334257AE375005E1B80 /* libopencv_highgui.4.4.0.dylib in Frameworks */,
				81C86336257AE375005E1B80 /* libopencv_imgproc.4.4.0.dylib in Frameworks */,
				81C86330257AE341005E1B80 /* libopencv_core.4.4.0.dylib in Frameworks */,
				81C86335257AE375005E1B80 /* libopencv_imgcodecs.4.4.0.dylib in Frameworks */,
			);
			runOnlyForDeploymentPostprocessing = 0;
		};
/* End PBXFrameworksBuildPhase section */

/* Begin PBXGroup section */
		8170579A208594BC0062AC11 = {
			isa = PBXGroup;
			children = (
				817057A5208594BC0062AC11 /* pixelAccess */,
				817057A4208594BC0062AC11 /* Products */,
			);
			sourceTree = "<group>";
		};
		817057A4208594BC0062AC11 /* Products */ = {
			isa = PBXGroup;
			children = (
				817057A3208594BC0062AC11 /* pixelAccess */,
			);
			name = Products;
			sourceTree = "<group>";
		};
		817057A5208594BC0062AC11 /* pixelAccess */ = {
			isa = PBXGroup;
			children = (
				81C8632F257AE340005E1B80 /* libopencv_core.4.4.0.dylib */,
				81C86331257AE374005E1B80 /* libopencv_highgui.4.4.0.dylib */,
				81C86332257AE374005E1B80 /* libopencv_imgcodecs.4.4.0.dylib */,
				81C86333257AE375005E1B80 /* libopencv_imgproc.4.4.0.dylib */,
				817057A6208594BC0062AC11 /* main.cpp */,
			);
			path = pixelAccess;
			sourceTree = "<group>";
		};
/* End PBXGroup section */

/* Begin PBXNativeTarget section */
		817057A2208594BC0062AC11 /* pixelAccess */ = {
			isa = PBXNativeTarget;
			buildConfigurationList = 817057AA208594BC0062AC11 /* Build configuration list for PBXNativeTarget "pixelAccess" */;
			buildPhases = (
				8170579F208594BC0062AC11 /* Sources */,
				817057A0208594BC0062AC11 /* Frameworks */,
				817057A1208594BC0062AC11 /* CopyFiles */,
			);
			buildRules = (
			);
			dependencies = (
			);
			name = pixelAccess;
			productName = pixelAccess;
			productReference = 817057A3208594BC0062AC11 /* pixelAccess */;
			productType = "com.apple.product-type.tool";
		};
/* End PBXNativeTarget section */

/* Begin PBXProject section */
		8170579B208594BC0062AC11 /* Project object */ = {
			isa = PBXProject;
			attributes = {
				LastUpgradeCheck = 0920;
				ORGANIZATIONNAME = AIT;
				TargetAttributes = {
					817057A2208594BC0062AC11 = {
						CreatedOnToolsVersion = 9.2;
						ProvisioningStyle = Automatic;
					};
				};
			};
			buildConfigurationList = 8170579E208594BC0062AC11 /* Build configuration list for PBXProject "pixelAccess" */;
			compatibilityVersion = "Xcode 8.0";
			developmentRegion = en;
			hasScannedForEncodings = 0;
			knownRegions = (
				en,
			);
			mainGroup = 8170579A208594BC0062AC11;
			productRefGroup = 817057A4208594BC0062AC11 /* Products */;
			projectDirPath = "";
			projectRoot = "";
			targets = (
				817057A2208594BC0062AC11 /* pixelAccess */,
			);
		};
/* End PBXProject section */

/* Begin PBXSourcesBuildPhase section */
		8170579F208594BC0062AC11 /* Sources */ = {
			isa = PBXSourcesBuildPhase;
			buildActionMask = 2147483647;
			files = (
				817057A7208594BC0062AC11 /* main.cpp in Sources */,
			);
			runOnlyForDeploymentPostprocessing = 0;
		};
/* End PBXSourcesBuildPhase section */

/* Begin XCBuildConfiguration section */
		817057A8208594BC0062AC11 /* Debug */ = {
			isa = XCBuildConfiguration;
			buildSettings = {
				ALWAYS_SEARCH_USER_PATHS = NO;
				CLANG_ANALYZER_NONNULL = YES;
				CLANG_ANALYZER_NUMBER_OBJECT_CONVERSION = YES_AGGRESSIVE;
				CLANG_CXX_LANGUAGE_STANDARD = "gnu++14";
				CLANG_CXX_LIBRARY = "libc++";
				CLANG_ENABLE_MODULES = YES;
				CLANG_ENABLE_OBJC_ARC = YES;
				CLANG_WARN_BLOCK_CAPTURE_AUTORELEASING = YES;
				CLANG_WARN_BOOL_CONVERSION = YES;
				CLANG_WARN_COMMA = YES;
				CLANG_WARN_CONSTANT_CONVERSION = YES;
				CLANG_WARN_DIRECT_OBJC_ISA_USAGE = YES_ERROR;
				CLANG_WARN_DOCUMENTATION_COMMENTS = YES;
				CLANG_WARN_EMPTY_BODY = YES;
				CLANG_WARN_ENUM_CONVERSION = YES;
				CLANG_WARN_INFINITE_RECURSION = YES;
				CLANG_WARN_INT_CONVERSION = YES;
				CLANG_WARN_NON_LITERAL_NULL_CONVERSION = YES;
				CLANG_WARN_OBJC_LITERAL_CONVERSION = YES;
				CLANG_WARN_OBJC_ROOT_CLASS = YES_ERROR;
				CLANG_WARN_RANGE_LOOP_ANALYSIS = YES;
				CLANG_WARN_STRICT_PROTOTYPES = YES;
				CLANG_WARN_SUSPICIOUS_MOVE = YES;
				CLANG_WARN_UNGUARDED_AVAILABILITY = YES_AGGRESSIVE;
				CLANG_WARN_UNREACHABLE_CODE = YES;
				CLANG_WARN__DUPLICATE_METHOD_MATCH = YES;
				CODE_SIGN_IDENTITY = "-";
				COPY_PHASE_STRIP = NO;
				DEBUG_INFORMATION_FORMAT = dwarf;
				ENABLE_STRICT_OBJC_MSGSEND = YES;
				ENABLE_TESTABILITY = YES;
				GCC_C_LANGUAGE_STANDARD = gnu11;
				GCC_DYNAMIC_NO_PIC = NO;
				GCC_NO_COMMON_BLOCKS = YES;
				GCC_OPTIMIZATION_LEVEL = 0;
				GCC_PREPROCESSOR_DEFINITIONS = (
					"DEBUG=1",
					"$(inherited)",
				);
				GCC_WARN_64_TO_32_BIT_CONVERSION = YES;
				GCC_WARN_ABOUT_RETURN_TYPE = YES_ERROR;
				GCC_WARN_UNDECLARED_SELECTOR = YES;
				GCC_WARN_UNINITIALIZED_AUTOS = YES_AGGRESSIVE;
				GCC_WARN_UNUSED_FUNCTION = YES;
				GCC_WARN_UNUSED_VARIABLE = YES;
				MACOSX_DEPLOYMENT_TARGET = 10.12;
				MTL_ENABLE_DEBUG_INFO = YES;
				ONLY_ACTIVE_ARCH = YES;
				SDKROOT = macosx;
			};
			name = Debug;
		};
		817057A9208594BC0062AC11 /* Release */ = {
			isa = XCBuildConfiguration;
			buildSettings = {
				ALWAYS_SEARCH_USER_PATHS = NO;
				CLANG_ANALYZER_NONNULL = YES;
				CLANG_ANALYZER_NUMBER_OBJECT_CONVERSION = YES_AGGRESSIVE;
				CLANG_CXX_LANGUAGE_STANDARD = "gnu++14";
				CLANG_CXX_LIBRARY = "libc++";
				CLANG_ENABLE_MODULES = YES;
				CLANG_ENABLE_OBJC_ARC = YES;
				CLANG_WARN_BLOCK_CAPTURE_AUTORELEASING = YES;
				CLANG_WARN_BOOL_CONVERSION = YES;
				CLANG_WARN_COMMA = YES;
				CLANG_WARN_CONSTANT_CONVERSION = YES;
				CLANG_WARN_DIRECT_OBJC_ISA_USAGE = YES_ERROR;
				CLANG_WARN_DOCUMENTATION_COMMENTS = YES;
				CLANG_WARN_EMPTY_BODY = YES;
				CLANG_WARN_ENUM_CONVERSION = YES;
				CLANG_WARN_INFINITE_RECURSION = YES;
				CLANG_WARN_INT_CONVERSION = YES;
				CLANG_WARN_NON_LITERAL_NULL_CONVERSION = YES;
				CLANG_WARN_OBJC_LITERAL_CONVERSION = YES;
				CLANG_WARN_OBJC_ROOT_CLASS = YES_ERROR;
				CLANG_WARN_RANGE_LOOP_ANALYSIS = YES;
				CLANG_WARN_STRICT_PROTOTYPES = YES;
				CLANG_WARN_SUSPICIOUS_MOVE = YES;
				CLANG_WARN_UNGUARDED_AVAILABILITY = YES_AGGRESSIVE;
				CLANG_WARN_UNREACHABLE_CODE = YES;
				CLANG_WARN__DUPLICATE_METHOD_MATCH = YES;
				CODE_SIGN_IDENTITY = "-";
				COPY_PHASE_STRIP = NO;
				DEBUG_INFORMATION_FORMAT = "dwarf-with-dsym";
				ENABLE_NS_ASSERTIONS = NO;
				ENABLE_STRICT_OBJC_MSGSEND = YES;
				GCC_C_LANGUAGE_STANDARD = gnu11;
				GCC_NO_COMMON_BLOCKS = YES;
				GCC_WARN_64_TO_32_BIT_CONVERSION = YES;
				GCC_WARN_ABOUT_RETURN_TYPE = YES_ERROR;
				GCC_WARN_UNDECLARED_SELECTOR = YES;
				GCC_WARN_UNINITIALIZED_AUTOS = YES_AGGRESSIVE;
				GCC_WARN_UNUSED_FUNCTION = YES;
				GCC_WARN_UNUSED_VARIABLE = YES;
				MACOSX_DEPLOYMENT_TARGET = 10.12;
				MTL_ENABLE_DEBUG_INFO = NO;
				SDKROOT = macosx;
			};
			name = Release;
		};
		817057AB208594BC0062AC11 /* Debug */ = {
			isa = XCBuildConfiguration;
			buildSettings = {
				CODE_SIGN_STYLE = Automatic;
				HEADER_SEARCH_PATHS = /usr/local/include/opencv4;
				LIBRARY_SEARCH_PATHS = (
					/usr/local/lib,
					/usr/local/Cellar/opencv/4.4.0_1/lib,
				);
				PRODUCT_NAME = "$(TARGET_NAME)";
			};
			name = Debug;
		};
		817057AC208594BC0062AC11 /* Release */ = {
			isa = XCBuildConfiguration;
			buildSettings = {
				CODE_SIGN_STYLE = Automatic;
				HEADER_SEARCH_PATHS = /usr/local/include/opencv4;
				LIBRARY_SEARCH_PATHS = (
					/usr/local/lib,
					/usr/local/Cellar/opencv/4.4.0_1/lib,
				);
				PRODUCT_NAME = "$(TARGET_NAME)";
			};
			name = Release;
		};
/* End XCBuildConfiguration section */

/* Begin XCConfigurationList section */
		8170579E208594BC0062AC11 /* Build configuration list for PBXProject "pixelAccess" */ = {
			isa = XCConfigurationList;
			buildConfigurations = (
				817057A8208594BC0062AC11 /* Debug */,
				817057A9208594BC0062AC11 /* Release */,
			);
			defaultConfigurationIsVisible = 0;
			defaultConfigurationName = Release;
		};
		817057AA208594BC0062AC11 /* Build configuration list for PBXNativeTarget "pixelAccess" */ = {
			isa = XCConfigurationList;
			buildConfigurations = (
				817057AB208594BC0062AC11 /* Debug */,
				817057AC208594BC0062AC11 /* Release */,
			);
			defaultConfigurationIsVisible = 0;
			defaultConfigurationName = Release;
		};
/* End XCConfigurationList section */
	};
	rootObject = 8170579B208594BC0062AC11 /* Project object */;
}
